
Microsoft Visual Studio Solution File, Format Version 12.00
# Visual Studio 15
VisualStudioVersion = 15.0.28307.421
MinimumVisualStudioVersion = 10.0.40219.1
Project("{8BC9CEB8-8B4A-11D0-8D11-00A0C91BC942}") = "Zadatak12", "CS323_DZ1\CS323_DZ1.vcxproj", "{CD948DA9-77AA-4188-BB9D-5D80EE0F9806}"
EndProject
Project("{8BC9CEB8-8B4A-11D0-8D11-00A0C91BC942}") = "Zadatak27", "Zadatak27\Zadatak27.vcxproj", "{1BA2B136-0ED4-48A3-A948-1738B0CB394E}"
EndProject
Global
	GlobalSection(SolutionConfigurationPlatforms) = preSolution
		Debug|x64 = Debug|x64
		Debug|x86 = Debug|x86
		Release|x64 = Release|x64
		Release|x86 = Release|x86
	EndGlobalSection
	GlobalSection(ProjectConfigurationPlatforms) = postSolution
		{CD948DA9-77AA-4188-BB9D-5D80EE0F9806}.Debug|x64.ActiveCfg = Debug|x64
		{CD948DA9-77AA-4188-BB9D-5D80EE0F9806}.Debug|x64.Build.0 = Debug|x64
		{CD948DA9-77AA-4188-BB9D-5D80EE0F9806}.Debug|x86.ActiveCfg = Debug|Win32
		{CD948DA9-77AA-4188-BB9D-5D80EE0F9806}.Debug|x86.Build.0 = Debug|Win32
		{CD948DA9-77AA-4188-BB9D-5D80EE0F9806}.Release|x64.ActiveCfg = Release|x64
		{CD948DA9-77AA-4188-BB9D-5D80EE0F9806}.Release|x64.Build.0 = Release|x64
		{CD948DA9-77AA-4188-BB9D-5D80EE0F9806}.Release|x86.ActiveCfg = Release|Win32
		{CD948DA9-77AA-4188-BB9D-5D80EE0F9806}.Release|x86.Build.0 = Release|Win32
		{1BA2B136-0ED4-48A3-A948-1738B0CB394E}.Debug|x64.ActiveCfg = Debug|x64
		{1BA2B136-0ED4-48A3-A948-1738B0CB394E}.Debug|x64.Build.0 = Debug|x64
		{1BA2B136-0ED4-48A3-A948-1738B0CB394E}.Debug|x86.ActiveCfg = Debug|Win32
		{1BA2B136-0ED4-48A3-A948-1738B0CB394E}.Debug|x86.Build.0 = Debug|Win32
		{1BA2B136-0ED4-48A3-A948-1738B0CB394E}.Release|x64.ActiveCfg = Release|x64
		{1BA2B136-0ED4-48A3-A948-1738B0CB394E}.Release|x64.Build.0 = Release|x64
		{1BA2B136-0ED4-48A3-A948-1738B0CB394E}.Release|x86.ActiveCfg = Release|Win32
		{1BA2B136-0ED4-48A3-A948-1738B0CB394E}.Release|x86.Build.0 = Release|Win32
	EndGlobalSection
	GlobalSection(SolutionProperties) = preSolution
		HideSolutionNode = FALSE
	EndGlobalSection
	GlobalSection(ExtensibilityGlobals) = postSolution
		SolutionGuid = {4548A3EE-5C54-4AC6-96C9-082F5D937664}
	EndGlobalSection
EndGlobal
